
Microsoft Visual Studio Solution File, Format Version 12.00
# Visual Studio Version 17
VisualStudioVersion = 17.8.34511.84
MinimumVisualStudioVersion = 10.0.40219.1
Project("{FAE04EC0-301F-11D3-BF4B-00C04F79EFBC}") = "Ballbouncing", "Ballbouncing\Ballbouncing.csproj", "{17F777A0-3E52-4E60-B7C6-2755BC786CEE}"
EndProject
Global
	GlobalSection(SolutionConfigurationPlatforms) = preSolution
		Debug|Any CPU = Debug|Any CPU
		Release|Any CPU = Release|Any CPU
	EndGlobalSection
	GlobalSection(ProjectConfigurationPlatforms) = postSolution
		{17F777A0-3E52-4E60-B7C6-2755BC786CEE}.Debug|Any CPU.ActiveCfg = Debug|Any CPU
		{17F777A0-3E52-4E60-B7C6-2755BC786CEE}.Debug|Any CPU.Build.0 = Debug|Any CPU
		{17F777A0-3E52-4E60-B7C6-2755BC786CEE}.Release|Any CPU.ActiveCfg = Release|Any CPU
		{17F777A0-3E52-4E60-B7C6-2755BC786CEE}.Release|Any CPU.Build.0 = Release|Any CPU
	EndGlobalSection
	GlobalSection(SolutionProperties) = preSolution
		HideSolutionNode = FALSE
	EndGlobalSection
	GlobalSection(ExtensibilityGlobals) = postSolution
		SolutionGuid = {2CC42C95-EA7B-4BE5-B8CB-DF4862F3F790}
	EndGlobalSection
EndGlobal
